PODS:
  - Kingfisher (7.11.0)
  - lottie-ios (4.4.2)

DEPENDENCIES:
  - Kingfisher
  - lottie-ios

SPEC REPOS:
  trunk:
    - Kingfisher
    - lottie-ios

SPEC CHECKSUMS:
  Kingfisher: b9c985d864d43515f404f1ef4a8ce7d802ace3ac
  lottie-ios: 4445b0bdb583c7a5325529f62246d311ee85fcd0

PODFILE CHECKSUM: dbeb8432cf0c113f8ce1dfe4e2b4090c63a13319

COCOAPODS: 1.15.2
