// !$*UTF8*$!
{
	archiveVersion = 1;
	classes = {
	};
	objectVersion = 56;
	objects = {

/* Begin PBXBuildFile section */
		010C68182BCA52F30081D363 /* AppDelegate.swift in Sources */ = {isa = PBXBuildFile; fileRef = 010C68172BCA52F30081D363 /* AppDelegate.swift */; };
		010C681A2BCA52F30081D363 /* SceneDelegate.swift in Sources */ = {isa = PBXBuildFile; fileRef = 010C68192BCA52F30081D363 /* SceneDelegate.swift */; };
		010C681C2BCA52F30081D363 /* ViewController.swift in Sources */ = {isa = PBXBuildFile; fileRef = 010C681B2BCA52F30081D363 /* ViewController.swift */; };
		010C681F2BCA52F30081D363 /* Base in Resources */ = {isa = PBXBuildFile; fileRef = 010C681E2BCA52F30081D363 /* Base */; };
		010C68212BCA52F50081D363 /* Assets.xcassets in Resources */ = {isa = PBXBuildFile; fileRef = 010C68202BCA52F50081D363 /* Assets.xcassets */; };
		010C68242BCA52F50081D363 /* Base in Resources */ = {isa = PBXBuildFile; fileRef = 010C68232BCA52F50081D363 /* Base */; };
		010C682C2BCA53440081D363 /* CardListViewController.swift in Sources */ = {isa = PBXBuildFile; fileRef = 010C682B2BCA53440081D363 /* CardListViewController.swift */; };
		010C682E2BCA54E70081D363 /* CreditCard.swift in Sources */ = {isa = PBXBuildFile; fileRef = 010C682D2BCA54E70081D363 /* CreditCard.swift */; };
		010C68312BCA59140081D363 /* CardListCell.xib in Resources */ = {isa = PBXBuildFile; fileRef = 010C68302BCA59140081D363 /* CardListCell.xib */; };
		010C68322BCA59140081D363 /* CardListCell.swift in Sources */ = {isa = PBXBuildFile; fileRef = 010C682F2BCA59140081D363 /* CardListCell.swift */; };
		010C68342BCA6B860081D363 /* CardDetailViewController.swift in Sources */ = {isa = PBXBuildFile; fileRef = 010C68332BCA6B860081D363 /* CardDetailViewController.swift */; };
		010C68372BCBB6E00081D363 /* money.json in Resources */ = {isa = PBXBuildFile; fileRef = 010C68352BCBB0070081D363 /* money.json */; };
		7CF076920567A3F55BBB33A7 /* Pods_CreditCard.framework in Frameworks */ = {isa = PBXBuildFile; fileRef = EF1991A4FACC99308A4037D6 /* Pods_CreditCard.framework */; };
/* End PBXBuildFile section */

/* Begin PBXFileReference section */
		010C68142BCA52F30081D363 /* CreditCard.app */ = {isa = PBXFileReference; explicitFileType = wrapper.application; includeInIndex = 0; path = CreditCard.app; sourceTree = BUILT_PRODUCTS_DIR; };
		010C68172BCA52F30081D363 /* AppDelegate.swift */ = {isa = PBXFileReference; lastKnownFileType = sourcecode.swift; path = AppDelegate.swift; sourceTree = "<group>"; };
		010C68192BCA52F30081D363 /* SceneDelegate.swift */ = {isa = PBXFileReference; lastKnownFileType = sourcecode.swift; path = SceneDelegate.swift; sourceTree = "<group>"; };
		010C681B2BCA52F30081D363 /* ViewController.swift */ = {isa = PBXFileReference; lastKnownFileType = sourcecode.swift; path = ViewController.swift; sourceTree = "<group>"; };
		010C681E2BCA52F30081D363 /* Base */ = {isa = PBXFileReference; lastKnownFileType = file.storyboard; name = Base; path = Base.lproj/Main.storyboard; sourceTree = "<group>"; };
		010C68202BCA52F50081D363 /* Assets.xcassets */ = {isa = PBXFileReference; lastKnownFileType = folder.assetcatalog; path = Assets.xcassets; sourceTree = "<group>"; };
		010C68232BCA52F50081D363 /* Base */ = {isa = PBXFileReference; lastKnownFileType = file.storyboard; name = Base; path = Base.lproj/LaunchScreen.storyboard; sourceTree = "<group>"; };
		010C68252BCA52F50081D363 /* Info.plist */ = {isa = PBXFileReference; lastKnownFileType = text.plist.xml; path = Info.plist; sourceTree = "<group>"; };
		010C682B2BCA53440081D363 /* CardListViewController.swift */ = {isa = PBXFileReference; lastKnownFileType = sourcecode.swift; path = CardListViewController.swift; sourceTree = "<group>"; };
		010C682D2BCA54E70081D363 /* CreditCard.swift */ = {isa = PBXFileReference; lastKnownFileType = sourcecode.swift; path = CreditCard.swift; sourceTree = "<group>"; };
		010C682F2BCA59140081D363 /* CardListCell.swift */ = {isa = PBXFileReference; lastKnownFileType = sourcecode.swift; path = CardListCell.swift; sourceTree = "<group>"; };
		010C68302BCA59140081D363 /* CardListCell.xib */ = {isa = PBXFileReference; lastKnownFileType = file.xib; path = CardListCell.xib; sourceTree = "<group>"; };
		010C68332BCA6B860081D363 /* CardDetailViewController.swift */ = {isa = PBXFileReference; lastKnownFileType = sourcecode.swift; path = CardDetailViewController.swift; sourceTree = "<group>"; };
		010C68352BCBB0070081D363 /* money.json */ = {isa = PBXFileReference; lastKnownFileType = text.json; path = money.json; sourceTree = "<group>"; };
		7A8661996E2D5338CBEF1D42 /* Pods-CreditCard.debug.xcconfig */ = {isa = PBXFileReference; includeInIndex = 1; lastKnownFileType = text.xcconfig; name = "Pods-CreditCard.debug.xcconfig"; path = "Target Support Files/Pods-CreditCard/Pods-CreditCard.debug.xcconfig"; sourceTree = "<group>"; };
		D0B74B106B14BC1D4100556F /* Pods-CreditCard.release.xcconfig */ = {isa = PBXFileReference; includeInIndex = 1; lastKnownFileType = text.xcconfig; name = "Pods-CreditCard.release.xcconfig"; path = "Target Support Files/Pods-CreditCard/Pods-CreditCard.release.xcconfig"; sourceTree = "<group>"; };
		EF1991A4FACC99308A4037D6 /* Pods_CreditCard.framework */ = {isa = PBXFileReference; explicitFileType = wrapper.framework; includeInIndex = 0; path = Pods_CreditCard.framework; sourceTree = BUILT_PRODUCTS_DIR; };
/* End PBXFileReference section */

/* Begin PBXFrameworksBuildPhase section */
		010C68112BCA52F30081D363 /* Frameworks */ = {
			isa = PBXFrameworksBuildPhase;
			buildActionMask = 2147483647;
			files = (
				7CF076920567A3F55BBB33A7 /* Pods_CreditCard.framework in Frameworks */,
			);
			runOnlyForDeploymentPostprocessing = 0;
		};
/* End PBXFrameworksBuildPhase section */

/* Begin PBXGroup section */
		010C680B2BCA52F30081D363 = {
			isa = PBXGroup;
			children = (
				010C68162BCA52F30081D363 /* CreditCard */,
				010C68152BCA52F30081D363 /* Products */,
				B9A0C63E470332409A05A59A /* Pods */,
				82D9FA8CC019BDAFEA8D21C2 /* Frameworks */,
			);
			sourceTree = "<group>";
		};
		010C68152BCA52F30081D363 /* Products */ = {
			isa = PBXGroup;
			children = (
				010C68142BCA52F30081D363 /* CreditCard.app */,
			);
			name = Products;
			sourceTree = "<group>";
		};
		010C68162BCA52F30081D363 /* CreditCard */ = {
			isa = PBXGroup;
			children = (
				010C68352BCBB0070081D363 /* money.json */,
				010C68172BCA52F30081D363 /* AppDelegate.swift */,
				010C68192BCA52F30081D363 /* SceneDelegate.swift */,
				010C682B2BCA53440081D363 /* CardListViewController.swift */,
				010C68332BCA6B860081D363 /* CardDetailViewController.swift */,
				010C681B2BCA52F30081D363 /* ViewController.swift */,
				010C682D2BCA54E70081D363 /* CreditCard.swift */,
				010C682F2BCA59140081D363 /* CardListCell.swift */,
				010C68302BCA59140081D363 /* CardListCell.xib */,
				010C681D2BCA52F30081D363 /* Main.storyboard */,
				010C68202BCA52F50081D363 /* Assets.xcassets */,
				010C68222BCA52F50081D363 /* LaunchScreen.storyboard */,
				010C68252BCA52F50081D363 /* Info.plist */,
			);
			path = CreditCard;
			sourceTree = "<group>";
		};
		82D9FA8CC019BDAFEA8D21C2 /* Frameworks */ = {
			isa = PBXGroup;
			children = (
				EF1991A4FACC99308A4037D6 /* Pods_CreditCard.framework */,
			);
			name = Frameworks;
			sourceTree = "<group>";
		};
		B9A0C63E470332409A05A59A /* Pods */ = {
			isa = PBXGroup;
			children = (
				7A8661996E2D5338CBEF1D42 /* Pods-CreditCard.debug.xcconfig */,
				D0B74B106B14BC1D4100556F /* Pods-CreditCard.release.xcconfig */,
			);
			path = Pods;
			sourceTree = "<group>";
		};
/* End PBXGroup section */

/* Begin PBXNativeTarget section */
		010C68132BCA52F30081D363 /* CreditCard */ = {
			isa = PBXNativeTarget;
			buildConfigurationList = 010C68282BCA52F50081D363 /* Build configuration list for PBXNativeTarget "CreditCard" */;
			buildPhases = (
				F29CE4C59A9CBC899DFC4487 /* [CP] Check Pods Manifest.lock */,
				010C68102BCA52F30081D363 /* Sources */,
				010C68112BCA52F30081D363 /* Frameworks */,
				010C68122BCA52F30081D363 /* Resources */,
				9E189A978AC36CEBA77A0BE0 /* [CP] Embed Pods Frameworks */,
			);
			buildRules = (
			);
			dependencies = (
			);
			name = CreditCard;
			productName = CreditCard;
			productReference = 010C68142BCA52F30081D363 /* CreditCard.app */;
			productType = "com.apple.product-type.application";
		};
/* End PBXNativeTarget section */

/* Begin PBXProject section */
		010C680C2BCA52F30081D363 /* Project object */ = {
			isa = PBXProject;
			attributes = {
				BuildIndependentTargetsInParallel = 1;
				LastSwiftUpdateCheck = 1530;
				LastUpgradeCheck = 1530;
				TargetAttributes = {
					010C68132BCA52F30081D363 = {
						CreatedOnToolsVersion = 15.3;
					};
				};
			};
			buildConfigurationList = 010C680F2BCA52F30081D363 /* Build configuration list for PBXProject "CreditCard" */;
			compatibilityVersion = "Xcode 14.0";
			developmentRegion = en;
			hasScannedForEncodings = 0;
			knownRegions = (
				en,
				Base,
			);
			mainGroup = 010C680B2BCA52F30081D363;
			productRefGroup = 010C68152BCA52F30081D363 /* Products */;
			projectDirPath = "";
			projectRoot = "";
			targets = (
				010C68132BCA52F30081D363 /* CreditCard */,
			);
		};
/* End PBXProject section */

/* Begin PBXResourcesBuildPhase section */
		010C68122BCA52F30081D363 /* Resources */ = {
			isa = PBXResourcesBuildPhase;
			buildActionMask = 2147483647;
			files = (
				010C68212BCA52F50081D363 /* Assets.xcassets in Resources */,
				010C68242BCA52F50081D363 /* Base in Resources */,
				010C68372BCBB6E00081D363 /* money.json in Resources */,
				010C681F2BCA52F30081D363 /* Base in Resources */,
				010C68312BCA59140081D363 /* CardListCell.xib in Resources */,
			);
			runOnlyForDeploymentPostprocessing = 0;
		};
/* End PBXResourcesBuildPhase section */

/* Begin PBXShellScriptBuildPhase section */
		9E189A978AC36CEBA77A0BE0 /* [CP] Embed Pods Frameworks */ = {
			isa = PBXShellScriptBuildPhase;
			buildActionMask = 2147483647;
			files = (
			);
			inputFileListPaths = (
				"${PODS_ROOT}/Target Support Files/Pods-CreditCard/Pods-CreditCard-frameworks-${CONFIGURATION}-input-files.xcfilelist",
			);
			name = "[CP] Embed Pods Frameworks";
			outputFileListPaths = (
				"${PODS_ROOT}/Target Support Files/Pods-CreditCard/Pods-CreditCard-frameworks-${CONFIGURATION}-output-files.xcfilelist",
			);
			runOnlyForDeploymentPostprocessing = 0;
			shellPath = /bin/sh;
			shellScript = "\"${PODS_ROOT}/Target Support Files/Pods-CreditCard/Pods-CreditCard-frameworks.sh\"\n";
			showEnvVarsInLog = 0;
		};
		F29CE4C59A9CBC899DFC4487 /* [CP] Check Pods Manifest.lock */ = {
			isa = PBXShellScriptBuildPhase;
			buildActionMask = 2147483647;
			files = (
			);
			inputFileListPaths = (
			);
			inputPaths = (
				"${PODS_PODFILE_DIR_PATH}/Podfile.lock",
				"${PODS_ROOT}/Manifest.lock",
			);
			name = "[CP] Check Pods Manifest.lock";
			outputFileListPaths = (
			);
			outputPaths = (
				"$(DERIVED_FILE_DIR)/Pods-CreditCard-checkManifestLockResult.txt",
			);
			runOnlyForDeploymentPostprocessing = 0;
			shellPath = /bin/sh;
			shellScript = "diff \"${PODS_PODFILE_DIR_PATH}/Podfile.lock\" \"${PODS_ROOT}/Manifest.lock\" > /dev/null\nif [ $? != 0 ] ; then\n    # print error to STDERR\n    echo \"error: The sandbox is not in sync with the Podfile.lock. Run 'pod install' or update your CocoaPods installation.\" >&2\n    exit 1\nfi\n# This output is used by Xcode 'outputs' to avoid re-running this script phase.\necho \"SUCCESS\" > \"${SCRIPT_OUTPUT_FILE_0}\"\n";
			showEnvVarsInLog = 0;
		};
/* End PBXShellScriptBuildPhase section */

/* Begin PBXSourcesBuildPhase section */
		010C68102BCA52F30081D363 /* Sources */ = {
			isa = PBXSourcesBuildPhase;
			buildActionMask = 2147483647;
			files = (
				010C682C2BCA53440081D363 /* CardListViewController.swift in Sources */,
				010C682E2BCA54E70081D363 /* CreditCard.swift in Sources */,
				010C681C2BCA52F30081D363 /* ViewController.swift in Sources */,
				010C68322BCA59140081D363 /* CardListCell.swift in Sources */,
				010C68182BCA52F30081D363 /* AppDelegate.swift in Sources */,
				010C681A2BCA52F30081D363 /* SceneDelegate.swift in Sources */,
				010C68342BCA6B860081D363 /* CardDetailViewController.swift in Sources */,
			);
			runOnlyForDeploymentPostprocessing = 0;
		};
/* End PBXSourcesBuildPhase section */

/* Begin PBXVariantGroup section */
		010C681D2BCA52F30081D363 /* Main.storyboard */ = {
			isa = PBXVariantGroup;
			children = (
				010C681E2BCA52F30081D363 /* Base */,
			);
			name = Main.storyboard;
			sourceTree = "<group>";
		};
		010C68222BCA52F50081D363 /* LaunchScreen.storyboard */ = {
			isa = PBXVariantGroup;
			children = (
				010C68232BCA52F50081D363 /* Base */,
			);
			name = LaunchScreen.storyboard;
			sourceTree = "<group>";
		};
/* End PBXVariantGroup section */

/* Begin XCBuildConfiguration section */
		010C68262BCA52F50081D363 /* Debug */ = {
			isa = XCBuildConfiguration;
			buildSettings = {
				ALWAYS_SEARCH_USER_PATHS = NO;
				ASSETCATALOG_COMPILER_GENERATE_SWIFT_ASSET_SYMBOL_EXTENSIONS = YES;
				CLANG_ANALYZER_NONNULL = YES;
				CLANG_ANALYZER_NUMBER_OBJECT_CONVERSION = YES_AGGRESSIVE;
				CLANG_CXX_LANGUAGE_STANDARD = "gnu++20";
				CLANG_ENABLE_MODULES = YES;
				CLANG_ENABLE_OBJC_ARC = YES;
				CLANG_ENABLE_OBJC_WEAK = YES;
				CLANG_WARN_BLOCK_CAPTURE_AUTORELEASING = YES;
				CLANG_WARN_BOOL_CONVERSION = YES;
				CLANG_WARN_COMMA = YES;
				CLANG_WARN_CONSTANT_CONVERSION = YES;
				CLANG_WARN_DEPRECATED_OBJC_IMPLEMENTATIONS = YES;
				CLANG_WARN_DIRECT_OBJC_ISA_USAGE = YES_ERROR;
				CLANG_WARN_DOCUMENTATION_COMMENTS = YES;
				CLANG_WARN_EMPTY_BODY = YES;
				CLANG_WARN_ENUM_CONVERSION = YES;
				CLANG_WARN_INFINITE_RECURSION = YES;
				CLANG_WARN_INT_CONVERSION = YES;
				CLANG_WARN_NON_LITERAL_NULL_CONVERSION = YES;
				CLANG_WARN_OBJC_IMPLICIT_RETAIN_SELF = YES;
				CLANG_WARN_OBJC_LITERAL_CONVERSION = YES;
				CLANG_WARN_OBJC_ROOT_CLASS = YES_ERROR;
				CLANG_WARN_QUOTED_INCLUDE_IN_FRAMEWORK_HEADER = YES;
				CLANG_WARN_RANGE_LOOP_ANALYSIS = YES;
				CLANG_WARN_STRICT_PROTOTYPES = YES;
				CLANG_WARN_SUSPICIOUS_MOVE = YES;
				CLANG_WARN_UNGUARDED_AVAILABILITY = YES_AGGRESSIVE;
				CLANG_WARN_UNREACHABLE_CODE = YES;
				CLANG_WARN__DUPLICATE_METHOD_MATCH = YES;
				COPY_PHASE_STRIP = NO;
				DEBUG_INFORMATION_FORMAT = dwarf;
				ENABLE_STRICT_OBJC_MSGSEND = YES;
				ENABLE_TESTABILITY = YES;
				ENABLE_USER_SCRIPT_SANDBOXING = NO;
				GCC_C_LANGUAGE_STANDARD = gnu17;
				GCC_DYNAMIC_NO_PIC = NO;
				GCC_NO_COMMON_BLOCKS = YES;
				GCC_OPTIMIZATION_LEVEL = 0;
				GCC_PREPROCESSOR_DEFINITIONS = (
					"DEBUG=1",
					"$(inherited)",
				);
				GCC_WARN_64_TO_32_BIT_CONVERSION = YES;
				GCC_WARN_ABOUT_RETURN_TYPE = YES_ERROR;
				GCC_WARN_UNDECLARED_SELECTOR = YES;
				GCC_WARN_UNINITIALIZED_AUTOS = YES_AGGRESSIVE;
				GCC_WARN_UNUSED_FUNCTION = YES;
				GCC_WARN_UNUSED_VARIABLE = YES;
				IPHONEOS_DEPLOYMENT_TARGET = 17.4;
				LOCALIZATION_PREFERS_STRING_CATALOGS = YES;
				MTL_ENABLE_DEBUG_INFO = INCLUDE_SOURCE;
				MTL_FAST_MATH = YES;
				ONLY_ACTIVE_ARCH = YES;
				SDKROOT = iphoneos;
				SWIFT_ACTIVE_COMPILATION_CONDITIONS = "DEBUG $(inherited)";
				SWIFT_OPTIMIZATION_LEVEL = "-Onone";
			};
			name = Debug;
		};
		010C68272BCA52F50081D363 /* Release */ = {
			isa = XCBuildConfiguration;
			buildSettings = {
				ALWAYS_SEARCH_USER_PATHS = NO;
				ASSETCATALOG_COMPILER_GENERATE_SWIFT_ASSET_SYMBOL_EXTENSIONS = YES;
				CLANG_ANALYZER_NONNULL = YES;
				CLANG_ANALYZER_NUMBER_OBJECT_CONVERSION = YES_AGGRESSIVE;
				CLANG_CXX_LANGUAGE_STANDARD = "gnu++20";
				CLANG_ENABLE_MODULES = YES;
				CLANG_ENABLE_OBJC_ARC = YES;
				CLANG_ENABLE_OBJC_WEAK = YES;
				CLANG_WARN_BLOCK_CAPTURE_AUTORELEASING = YES;
				CLANG_WARN_BOOL_CONVERSION = YES;
				CLANG_WARN_COMMA = YES;
				CLANG_WARN_CONSTANT_CONVERSION = YES;
				CLANG_WARN_DEPRECATED_OBJC_IMPLEMENTATIONS = YES;
				CLANG_WARN_DIRECT_OBJC_ISA_USAGE = YES_ERROR;
				CLANG_WARN_DOCUMENTATION_COMMENTS = YES;
				CLANG_WARN_EMPTY_BODY = YES;
				CLANG_WARN_ENUM_CONVERSION = YES;
				CLANG_WARN_INFINITE_RECURSION = YES;
				CLANG_WARN_INT_CONVERSION = YES;
				CLANG_WARN_NON_LITERAL_NULL_CONVERSION = YES;
				CLANG_WARN_OBJC_IMPLICIT_RETAIN_SELF = YES;
				CLANG_WARN_OBJC_LITERAL_CONVERSION = YES;
				CLANG_WARN_OBJC_ROOT_CLASS = YES_ERROR;
				CLANG_WARN_QUOTED_INCLUDE_IN_FRAMEWORK_HEADER = YES;
				CLANG_WARN_RANGE_LOOP_ANALYSIS = YES;
				CLANG_WARN_STRICT_PROTOTYPES = YES;
				CLANG_WARN_SUSPICIOUS_MOVE = YES;
				CLANG_WARN_UNGUARDED_AVAILABILITY = YES_AGGRESSIVE;
				CLANG_WARN_UNREACHABLE_CODE = YES;
				CLANG_WARN__DUPLICATE_METHOD_MATCH = YES;
				COPY_PHASE_STRIP = NO;
				DEBUG_INFORMATION_FORMAT = "dwarf-with-dsym";
				ENABLE_NS_ASSERTIONS = NO;
				ENABLE_STRICT_OBJC_MSGSEND = YES;
				ENABLE_USER_SCRIPT_SANDBOXING = NO;
				GCC_C_LANGUAGE_STANDARD = gnu17;
				GCC_NO_COMMON_BLOCKS = YES;
				GCC_WARN_64_TO_32_BIT_CONVERSION = YES;
				GCC_WARN_ABOUT_RETURN_TYPE = YES_ERROR;
				GCC_WARN_UNDECLARED_SELECTOR = YES;
				GCC_WARN_UNINITIALIZED_AUTOS = YES_AGGRESSIVE;
				GCC_WARN_UNUSED_FUNCTION = YES;
				GCC_WARN_UNUSED_VARIABLE = YES;
				IPHONEOS_DEPLOYMENT_TARGET = 17.4;
				LOCALIZATION_PREFERS_STRING_CATALOGS = YES;
				MTL_ENABLE_DEBUG_INFO = NO;
				MTL_FAST_MATH = YES;
				SDKROOT = iphoneos;
				SWIFT_COMPILATION_MODE = wholemodule;
				VALIDATE_PRODUCT = YES;
			};
			name = Release;
		};
		010C68292BCA52F50081D363 /* Debug */ = {
			isa = XCBuildConfiguration;
			baseConfigurationReference = 7A8661996E2D5338CBEF1D42 /* Pods-CreditCard.debug.xcconfig */;
			buildSettings = {
				ASSETCATALOG_COMPILER_APPICON_NAME = AppIcon;
				ASSETCATALOG_COMPILER_GLOBAL_ACCENT_COLOR_NAME = AccentColor;
				CODE_SIGN_STYLE = Automatic;
				CURRENT_PROJECT_VERSION = 1;
				DEVELOPMENT_TEAM = 525XKBU9M6;
				GENERATE_INFOPLIST_FILE = YES;
				INFOPLIST_FILE = CreditCard/Info.plist;
				INFOPLIST_KEY_UIApplicationSupportsIndirectInputEvents = YES;
				INFOPLIST_KEY_UILaunchStoryboardName = LaunchScreen;
				INFOPLIST_KEY_UIMainStoryboardFile = Main;
				INFOPLIST_KEY_UISupportedInterfaceOrientations_iPad = "UIInterfaceOrientationPortrait UIInterfaceOrientationPortraitUpsideDown UIInterfaceOrientationLandscapeLeft UIInterfaceOrientationLandscapeRight";
				INFOPLIST_KEY_UISupportedInterfaceOrientations_iPhone = "UIInterfaceOrientationPortrait UIInterfaceOrientationLandscapeLeft UIInterfaceOrientationLandscapeRight";
				LD_RUNPATH_SEARCH_PATHS = (
					"$(inherited)",
					"@executable_path/Frameworks",
				);
				MARKETING_VERSION = 1.0;
				PRODUCT_BUNDLE_IDENTIFIER = com.joowon.CreditCard;
				PRODUCT_NAME = "$(TARGET_NAME)";
				SWIFT_EMIT_LOC_STRINGS = YES;
				SWIFT_VERSION = 5.0;
				TARGETED_DEVICE_FAMILY = "1,2";
			};
			name = Debug;
		};
		010C682A2BCA52F50081D363 /* Release */ = {
			isa = XCBuildConfiguration;
			baseConfigurationReference = D0B74B106B14BC1D4100556F /* Pods-CreditCard.release.xcconfig */;
			buildSettings = {
				ASSETCATALOG_COMPILER_APPICON_NAME = AppIcon;
				ASSETCATALOG_COMPILER_GLOBAL_ACCENT_COLOR_NAME = AccentColor;
				CODE_SIGN_STYLE = Automatic;
				CURRENT_PROJECT_VERSION = 1;
				DEVELOPMENT_TEAM = 525XKBU9M6;
				GENERATE_INFOPLIST_FILE = YES;
				INFOPLIST_FILE = CreditCard/Info.plist;
				INFOPLIST_KEY_UIApplicationSupportsIndirectInputEvents = YES;
				INFOPLIST_KEY_UILaunchStoryboardName = LaunchScreen;
				INFOPLIST_KEY_UIMainStoryboardFile = Main;
				INFOPLIST_KEY_UISupportedInterfaceOrientations_iPad = "UIInterfaceOrientationPortrait UIInterfaceOrientationPortraitUpsideDown UIInterfaceOrientationLandscapeLeft UIInterfaceOrientationLandscapeRight";
				INFOPLIST_KEY_UISupportedInterfaceOrientations_iPhone = "UIInterfaceOrientationPortrait UIInterfaceOrientationLandscapeLeft UIInterfaceOrientationLandscapeRight";
				LD_RUNPATH_SEARCH_PATHS = (
					"$(inherited)",
					"@executable_path/Frameworks",
				);
				MARKETING_VERSION = 1.0;
				PRODUCT_BUNDLE_IDENTIFIER = com.joowon.CreditCard;
				PRODUCT_NAME = "$(TARGET_NAME)";
				SWIFT_EMIT_LOC_STRINGS = YES;
				SWIFT_VERSION = 5.0;
				TARGETED_DEVICE_FAMILY = "1,2";
			};
			name = Release;
		};
/* End XCBuildConfiguration section */

/* Begin XCConfigurationList section */
		010C680F2BCA52F30081D363 /* Build configuration list for PBXProject "CreditCard" */ = {
			isa = XCConfigurationList;
			buildConfigurations = (
				010C68262BCA52F50081D363 /* Debug */,
				010C68272BCA52F50081D363 /* Release */,
			);
			defaultConfigurationIsVisible = 0;
			defaultConfigurationName = Release;
		};
		010C68282BCA52F50081D363 /* Build configuration list for PBXNativeTarget "CreditCard" */ = {
			isa = XCConfigurationList;
			buildConfigurations = (
				010C68292BCA52F50081D363 /* Debug */,
				010C682A2BCA52F50081D363 /* Release */,
			);
			defaultConfigurationIsVisible = 0;
			defaultConfigurationName = Release;
		};
/* End XCConfigurationList section */
	};
	rootObject = 010C680C2BCA52F30081D363 /* Project object */;
}
